
Microsoft Visual Studio Solution File, Format Version 12.00
# Visual Studio Version 17
VisualStudioVersion = 17.3.32811.315
MinimumVisualStudioVersion = 10.0.40219.1
Project("{FAE04EC0-301F-11D3-BF4B-00C04F79EFBC}") = "PhoneSeller_WebAPI", "PhoneSeller_WebAPI\PhoneSeller_WebAPI.csproj", "{F7901738-3E68-4CD4-9721-479B79C5A1CD}"
EndProject
Global
	GlobalSection(SolutionConfigurationPlatforms) = preSolution
		Debug|Any CPU = Debug|Any CPU
		Release|Any CPU = Release|Any CPU
	EndGlobalSection
	GlobalSection(ProjectConfigurationPlatforms) = postSolution
		{F7901738-3E68-4CD4-9721-479B79C5A1CD}.Debug|Any CPU.ActiveCfg = Debug|Any CPU
		{F7901738-3E68-4CD4-9721-479B79C5A1CD}.Debug|Any CPU.Build.0 = Debug|Any CPU
		{F7901738-3E68-4CD4-9721-479B79C5A1CD}.Release|Any CPU.ActiveCfg = Release|Any CPU
		{F7901738-3E68-4CD4-9721-479B79C5A1CD}.Release|Any CPU.Build.0 = Release|Any CPU
	EndGlobalSection
	GlobalSection(SolutionProperties) = preSolution
		HideSolutionNode = FALSE
	EndGlobalSection
	GlobalSection(ExtensibilityGlobals) = postSolution
		SolutionGuid = {20AD753A-B6E8-4F75-8DA8-5D26F92CAB61}
	EndGlobalSection
EndGlobal
